
Microsoft Visual Studio Solution File, Format Version 12.00
# Visual Studio Version 17
VisualStudioVersion = 17.5.33530.505
MinimumVisualStudioVersion = 10.0.40219.1
Project("{2150E333-8FDC-42A3-9474-1A3956D46DE8}") = "01.Clients", "01.Clients", "{4D9864BA-96CA-479A-95B3-F3BF7EC58583}"
EndProject
Project("{2150E333-8FDC-42A3-9474-1A3956D46DE8}") = "03.Repository", "03.Repository", "{FD935641-6536-43C6-9309-38CA04BD6753}"
EndProject
Project("{2150E333-8FDC-42A3-9474-1A3956D46DE8}") = "02.Models", "02.Models", "{FE91273F-E040-4F34-81EC-E35DE04AABE2}"
EndProject
Project("{2150E333-8FDC-42A3-9474-1A3956D46DE8}") = "04.UnitOfWork", "04.UnitOfWork", "{3A518052-C442-4F59-9C6B-A2C2F7FE2870}"
EndProject
Project("{2150E333-8FDC-42A3-9474-1A3956D46DE8}") = "05.Services", "05.Services", "{02C1399B-4EB1-4914-A7C8-3B9F08A800DC}"
EndProject
Project("{2150E333-8FDC-42A3-9474-1A3956D46DE8}") = "06.DTO", "06.DTO", "{BD1A77A8-755A-478E-814A-8634ECCE4C2A}"
EndProject
Project("{2150E333-8FDC-42A3-9474-1A3956D46DE8}") = "07.UnitTest", "07.UnitTest", "{BBCA60AE-171E-4242-AA00-32838EF63473}"
EndProject
Project("{9A19103F-16F7-4668-BE54-9A1E7A4F7556}") = "Tekus.Models", "src\Tekus.API\Tekus.API\Tekus.Models\Tekus.Models.csproj", "{5459E416-B71E-42C6-A3E4-BAE29A9C682E}"
EndProject
Project("{9A19103F-16F7-4668-BE54-9A1E7A4F7556}") = "Tekus.Repository.Interfaces", "src\Tekus.API\Tekus.API\Tekus.Repository.Interfaces\Tekus.Repository.Interfaces.csproj", "{BCA0F800-634E-4A7E-B679-35246ADBD238}"
EndProject
Project("{9A19103F-16F7-4668-BE54-9A1E7A4F7556}") = "Tekus.UnitOfWork.Interfaces", "src\Tekus.API\Tekus.API\Tekus.UnitOfWork.Interfaces\Tekus.UnitOfWork.Interfaces.csproj", "{F831A7C7-5174-4300-9980-7832B4D4D75D}"
EndProject
Project("{9A19103F-16F7-4668-BE54-9A1E7A4F7556}") = "Tekus.Repository.SQLSERVER", "src\Tekus.API\Tekus.API\Tekus.Repository.SQLSERVER\Tekus.Repository.SQLSERVER.csproj", "{5E3257B7-DBA1-4AFB-B502-78A597252086}"
EndProject
Project("{9A19103F-16F7-4668-BE54-9A1E7A4F7556}") = "Tekus.UnitOfWork.SQLSERVER", "src\Tekus.API\Tekus.API\Tekus.UnitOfWork.SQLSERVER\Tekus.UnitOfWork.SQLSERVER.csproj", "{E80DA2FC-7267-49DC-8DC1-D07E06C06506}"
EndProject
Project("{9A19103F-16F7-4668-BE54-9A1E7A4F7556}") = "Tekus.Services", "src\Tekus.API\Tekus.API\Tekus.Services\Tekus.Services.csproj", "{646BEDD8-39E3-4182-ACA0-5D3B990AA2A2}"
EndProject
Project("{9A19103F-16F7-4668-BE54-9A1E7A4F7556}") = "Tekus.DTO", "src\Tekus.API\Tekus.API\Tekus.DTO\Tekus.DTO.csproj", "{E74733C5-E424-4BFB-AC70-A5B06B6D4A1B}"
EndProject
Project("{9A19103F-16F7-4668-BE54-9A1E7A4F7556}") = "Tekus.Test", "src\Tekus.API\Tekus.API\Tekus.Test\Tekus.Test\Tekus.Test.csproj", "{08F081DC-DB4C-4EDC-B4B0-0B34D45A0108}"
EndProject
Project("{9A19103F-16F7-4668-BE54-9A1E7A4F7556}") = "Tekus.API", "src\Tekus.API\Tekus.API\Tekus.API\Tekus.API.csproj", "{0982DEF3-A303-411D-8AF9-9770B54707CA}"
EndProject
Global
	GlobalSection(SolutionConfigurationPlatforms) = preSolution
		Debug|Any CPU = Debug|Any CPU
		Release|Any CPU = Release|Any CPU
	EndGlobalSection
	GlobalSection(ProjectConfigurationPlatforms) = postSolution
		{5459E416-B71E-42C6-A3E4-BAE29A9C682E}.Debug|Any CPU.ActiveCfg = Debug|Any CPU
		{5459E416-B71E-42C6-A3E4-BAE29A9C682E}.Debug|Any CPU.Build.0 = Debug|Any CPU
		{5459E416-B71E-42C6-A3E4-BAE29A9C682E}.Release|Any CPU.ActiveCfg = Release|Any CPU
		{5459E416-B71E-42C6-A3E4-BAE29A9C682E}.Release|Any CPU.Build.0 = Release|Any CPU
		{BCA0F800-634E-4A7E-B679-35246ADBD238}.Debug|Any CPU.ActiveCfg = Debug|Any CPU
		{BCA0F800-634E-4A7E-B679-35246ADBD238}.Debug|Any CPU.Build.0 = Debug|Any CPU
		{BCA0F800-634E-4A7E-B679-35246ADBD238}.Release|Any CPU.ActiveCfg = Release|Any CPU
		{BCA0F800-634E-4A7E-B679-35246ADBD238}.Release|Any CPU.Build.0 = Release|Any CPU
		{F831A7C7-5174-4300-9980-7832B4D4D75D}.Debug|Any CPU.ActiveCfg = Debug|Any CPU
		{F831A7C7-5174-4300-9980-7832B4D4D75D}.Debug|Any CPU.Build.0 = Debug|Any CPU
		{F831A7C7-5174-4300-9980-7832B4D4D75D}.Release|Any CPU.ActiveCfg = Release|Any CPU
		{F831A7C7-5174-4300-9980-7832B4D4D75D}.Release|Any CPU.Build.0 = Release|Any CPU
		{5E3257B7-DBA1-4AFB-B502-78A597252086}.Debug|Any CPU.ActiveCfg = Debug|Any CPU
		{5E3257B7-DBA1-4AFB-B502-78A597252086}.Debug|Any CPU.Build.0 = Debug|Any CPU
		{5E3257B7-DBA1-4AFB-B502-78A597252086}.Release|Any CPU.ActiveCfg = Release|Any CPU
		{5E3257B7-DBA1-4AFB-B502-78A597252086}.Release|Any CPU.Build.0 = Release|Any CPU
		{E80DA2FC-7267-49DC-8DC1-D07E06C06506}.Debug|Any CPU.ActiveCfg = Debug|Any CPU
		{E80DA2FC-7267-49DC-8DC1-D07E06C06506}.Debug|Any CPU.Build.0 = Debug|Any CPU
		{E80DA2FC-7267-49DC-8DC1-D07E06C06506}.Release|Any CPU.ActiveCfg = Release|Any CPU
		{E80DA2FC-7267-49DC-8DC1-D07E06C06506}.Release|Any CPU.Build.0 = Release|Any CPU
		{646BEDD8-39E3-4182-ACA0-5D3B990AA2A2}.Debug|Any CPU.ActiveCfg = Debug|Any CPU
		{646BEDD8-39E3-4182-ACA0-5D3B990AA2A2}.Debug|Any CPU.Build.0 = Debug|Any CPU
		{646BEDD8-39E3-4182-ACA0-5D3B990AA2A2}.Release|Any CPU.ActiveCfg = Release|Any CPU
		{646BEDD8-39E3-4182-ACA0-5D3B990AA2A2}.Release|Any CPU.Build.0 = Release|Any CPU
		{E74733C5-E424-4BFB-AC70-A5B06B6D4A1B}.Debug|Any CPU.ActiveCfg = Debug|Any CPU
		{E74733C5-E424-4BFB-AC70-A5B06B6D4A1B}.Debug|Any CPU.Build.0 = Debug|Any CPU
		{E74733C5-E424-4BFB-AC70-A5B06B6D4A1B}.Release|Any CPU.ActiveCfg = Release|Any CPU
		{E74733C5-E424-4BFB-AC70-A5B06B6D4A1B}.Release|Any CPU.Build.0 = Release|Any CPU
		{08F081DC-DB4C-4EDC-B4B0-0B34D45A0108}.Debug|Any CPU.ActiveCfg = Debug|Any CPU
		{08F081DC-DB4C-4EDC-B4B0-0B34D45A0108}.Debug|Any CPU.Build.0 = Debug|Any CPU
		{08F081DC-DB4C-4EDC-B4B0-0B34D45A0108}.Release|Any CPU.ActiveCfg = Release|Any CPU
		{08F081DC-DB4C-4EDC-B4B0-0B34D45A0108}.Release|Any CPU.Build.0 = Release|Any CPU
		{0982DEF3-A303-411D-8AF9-9770B54707CA}.Debug|Any CPU.ActiveCfg = Debug|Any CPU
		{0982DEF3-A303-411D-8AF9-9770B54707CA}.Debug|Any CPU.Build.0 = Debug|Any CPU
		{0982DEF3-A303-411D-8AF9-9770B54707CA}.Release|Any CPU.ActiveCfg = Release|Any CPU
		{0982DEF3-A303-411D-8AF9-9770B54707CA}.Release|Any CPU.Build.0 = Release|Any CPU
	EndGlobalSection
	GlobalSection(SolutionProperties) = preSolution
		HideSolutionNode = FALSE
	EndGlobalSection
	GlobalSection(NestedProjects) = preSolution
		{5459E416-B71E-42C6-A3E4-BAE29A9C682E} = {FE91273F-E040-4F34-81EC-E35DE04AABE2}
		{BCA0F800-634E-4A7E-B679-35246ADBD238} = {FD935641-6536-43C6-9309-38CA04BD6753}
		{F831A7C7-5174-4300-9980-7832B4D4D75D} = {3A518052-C442-4F59-9C6B-A2C2F7FE2870}
		{5E3257B7-DBA1-4AFB-B502-78A597252086} = {FD935641-6536-43C6-9309-38CA04BD6753}
		{E80DA2FC-7267-49DC-8DC1-D07E06C06506} = {3A518052-C442-4F59-9C6B-A2C2F7FE2870}
		{646BEDD8-39E3-4182-ACA0-5D3B990AA2A2} = {02C1399B-4EB1-4914-A7C8-3B9F08A800DC}
		{E74733C5-E424-4BFB-AC70-A5B06B6D4A1B} = {BD1A77A8-755A-478E-814A-8634ECCE4C2A}
		{08F081DC-DB4C-4EDC-B4B0-0B34D45A0108} = {BBCA60AE-171E-4242-AA00-32838EF63473}
		{0982DEF3-A303-411D-8AF9-9770B54707CA} = {4D9864BA-96CA-479A-95B3-F3BF7EC58583}
	EndGlobalSection
	GlobalSection(ExtensibilityGlobals) = postSolution
		SolutionGuid = {55D537CA-44F8-4DED-B2B0-192937EC7A55}
	EndGlobalSection
EndGlobal
